
Microsoft Visual Studio Solution File, Format Version 12.00
# Visual Studio Version 17
VisualStudioVersion = 17.13.35931.197 d17.13
MinimumVisualStudioVersion = 10.0.40219.1
Project("{FAE04EC0-301F-11D3-BF4B-00C04F79EFBC}") = "LLMExample.Web", "LLMExample.Web\LLMExample.Web.csproj", "{0727C705-260C-4663-9123-319563F7AC9F}"
EndProject
Global
	GlobalSection(SolutionConfigurationPlatforms) = preSolution
		Debug|Any CPU = Debug|Any CPU
		Release|Any CPU = Release|Any CPU
	EndGlobalSection
	GlobalSection(ProjectConfigurationPlatforms) = postSolution
		{0727C705-260C-4663-9123-319563F7AC9F}.Debug|Any CPU.ActiveCfg = Debug|Any CPU
		{0727C705-260C-4663-9123-319563F7AC9F}.Debug|Any CPU.Build.0 = Debug|Any CPU
		{0727C705-260C-4663-9123-319563F7AC9F}.Release|Any CPU.ActiveCfg = Release|Any CPU
		{0727C705-260C-4663-9123-319563F7AC9F}.Release|Any CPU.Build.0 = Release|Any CPU
	EndGlobalSection
	GlobalSection(SolutionProperties) = preSolution
		HideSolutionNode = FALSE
	EndGlobalSection
	GlobalSection(ExtensibilityGlobals) = postSolution
		SolutionGuid = {B95601C4-D1B6-4810-AA62-B2184D5ED0FC}
	EndGlobalSection
EndGlobal
